
Microsoft Visual Studio Solution File, Format Version 12.00
# Visual Studio 14
VisualStudioVersion = 14.0.25420.1
MinimumVisualStudioVersion = 10.0.40219.1
Project("{FAE04EC0-301F-11D3-BF4B-00C04F79EFBC}") = "ComandaEletronica", "ComandaEletronica\ComandaEletronica.csproj", "{A65FDA59-A26A-4C2A-80D1-0FDAB8C873ED}"
EndProject
Project("{FAE04EC0-301F-11D3-BF4B-00C04F79EFBC}") = "ComandaEletronicaDLL", "ComandaEletronicaDLL\ComandaEletronicaDLL.csproj", "{32A26F17-DCFA-47CC-8329-05C4CD588F37}"
EndProject
Global
	GlobalSection(SolutionConfigurationPlatforms) = preSolution
		Debug|Any CPU = Debug|Any CPU
		Release|Any CPU = Release|Any CPU
	EndGlobalSection
	GlobalSection(ProjectConfigurationPlatforms) = postSolution
		{A65FDA59-A26A-4C2A-80D1-0FDAB8C873ED}.Debug|Any CPU.ActiveCfg = Debug|Any CPU
		{A65FDA59-A26A-4C2A-80D1-0FDAB8C873ED}.Debug|Any CPU.Build.0 = Debug|Any CPU
		{A65FDA59-A26A-4C2A-80D1-0FDAB8C873ED}.Release|Any CPU.ActiveCfg = Release|Any CPU
		{A65FDA59-A26A-4C2A-80D1-0FDAB8C873ED}.Release|Any CPU.Build.0 = Release|Any CPU
		{32A26F17-DCFA-47CC-8329-05C4CD588F37}.Debug|Any CPU.ActiveCfg = Debug|Any CPU
		{32A26F17-DCFA-47CC-8329-05C4CD588F37}.Debug|Any CPU.Build.0 = Debug|Any CPU
		{32A26F17-DCFA-47CC-8329-05C4CD588F37}.Release|Any CPU.ActiveCfg = Release|Any CPU
		{32A26F17-DCFA-47CC-8329-05C4CD588F37}.Release|Any CPU.Build.0 = Release|Any CPU
	EndGlobalSection
	GlobalSection(SolutionProperties) = preSolution
		HideSolutionNode = FALSE
	EndGlobalSection
EndGlobal
